
Microsoft Visual Studio Solution File, Format Version 12.00
# Visual Studio Version 16
VisualStudioVersion = 16.0.31729.503
MinimumVisualStudioVersion = 10.0.40219.1
Project("{FAE04EC0-301F-11D3-BF4B-00C04F79EFBC}") = "BubbleSortArrays", "BubleSortArrays\BubbleSortArrays.csproj", "{374E29A8-082B-418A-BB14-F010018EB0F2}"
EndProject
Project("{FAE04EC0-301F-11D3-BF4B-00C04F79EFBC}") = "ClassLibraryBubbleSort", "ClassLibraryBubbleSort\ClassLibraryBubbleSort.csproj", "{DEA9EB26-F063-4109-A0E1-BF462ECB6961}"
EndProject
Project("{FAE04EC0-301F-11D3-BF4B-00C04F79EFBC}") = "UnitTestProjectBubbleSort", "UnitTestProjectBubbleSort\UnitTestProjectBubbleSort.csproj", "{B74CF957-3C20-4D91-B19F-C21037082659}"
EndProject
Global
	GlobalSection(SolutionConfigurationPlatforms) = preSolution
		Debug|Any CPU = Debug|Any CPU
		Release|Any CPU = Release|Any CPU
	EndGlobalSection
	GlobalSection(ProjectConfigurationPlatforms) = postSolution
		{374E29A8-082B-418A-BB14-F010018EB0F2}.Debug|Any CPU.ActiveCfg = Debug|Any CPU
		{374E29A8-082B-418A-BB14-F010018EB0F2}.Debug|Any CPU.Build.0 = Debug|Any CPU
		{374E29A8-082B-418A-BB14-F010018EB0F2}.Release|Any CPU.ActiveCfg = Release|Any CPU
		{374E29A8-082B-418A-BB14-F010018EB0F2}.Release|Any CPU.Build.0 = Release|Any CPU
		{DEA9EB26-F063-4109-A0E1-BF462ECB6961}.Debug|Any CPU.ActiveCfg = Debug|Any CPU
		{DEA9EB26-F063-4109-A0E1-BF462ECB6961}.Debug|Any CPU.Build.0 = Debug|Any CPU
		{DEA9EB26-F063-4109-A0E1-BF462ECB6961}.Release|Any CPU.ActiveCfg = Release|Any CPU
		{DEA9EB26-F063-4109-A0E1-BF462ECB6961}.Release|Any CPU.Build.0 = Release|Any CPU
		{B74CF957-3C20-4D91-B19F-C21037082659}.Debug|Any CPU.ActiveCfg = Debug|Any CPU
		{B74CF957-3C20-4D91-B19F-C21037082659}.Debug|Any CPU.Build.0 = Debug|Any CPU
		{B74CF957-3C20-4D91-B19F-C21037082659}.Release|Any CPU.ActiveCfg = Release|Any CPU
		{B74CF957-3C20-4D91-B19F-C21037082659}.Release|Any CPU.Build.0 = Release|Any CPU
	EndGlobalSection
	GlobalSection(SolutionProperties) = preSolution
		HideSolutionNode = FALSE
	EndGlobalSection
	GlobalSection(ExtensibilityGlobals) = postSolution
		SolutionGuid = {57D578E9-C58C-4B13-8DA4-5063A6A7A461}
	EndGlobalSection
EndGlobal
